// !$*UTF8*$!
{
	archiveVersion = 1;
	classes = {
	};
	objectVersion = 55;
	objects = {

/* Begin PBXBuildFile section */
		3F4527CE296C74B500AC5FBD /* AddCategoryViewController.swift in Sources */ = {isa = PBXBuildFile; fileRef = 3F4527CD296C74B500AC5FBD /* AddCategoryViewController.swift */; };
		41780118296811D20042BB86 /* User.swift in Sources */ = {isa = PBXBuildFile; fileRef = 41780117296811D20042BB86 /* User.swift */; };
		41C43F9329646C8E00FBE6C6 /* UserSettingsViewController.swift in Sources */ = {isa = PBXBuildFile; fileRef = 41C43F9229646C8E00FBE6C6 /* UserSettingsViewController.swift */; };
		41C757F2295F3F67006285F3 /* CalorieCounterStoryboard.storyboard in Resources */ = {isa = PBXBuildFile; fileRef = 41C757F1295F3F67006285F3 /* CalorieCounterStoryboard.storyboard */; };
		41C757F4295F567A006285F3 /* ViewItemStoryboard.storyboard in Resources */ = {isa = PBXBuildFile; fileRef = 41C757F3295F567A006285F3 /* ViewItemStoryboard.storyboard */; };
		60197079296489DB00D2F363 /* AddItemViewController.swift in Sources */ = {isa = PBXBuildFile; fileRef = 60197078296489DB00D2F363 /* AddItemViewController.swift */; };
		603E4510295F5EF6007C548D /* ItemTableViewCell.swift in Sources */ = {isa = PBXBuildFile; fileRef = 603E450F295F5EF6007C548D /* ItemTableViewCell.swift */; };
		608115D0296AE9A900CFBFB2 /* ItemDetailViewController.swift in Sources */ = {isa = PBXBuildFile; fileRef = 608115CF296AE9A900CFBFB2 /* ItemDetailViewController.swift */; };
		608CB6792957BE870093B5F8 /* AppDelegate.swift in Sources */ = {isa = PBXBuildFile; fileRef = 608CB6782957BE870093B5F8 /* AppDelegate.swift */; };
		608CB67B2957BE870093B5F8 /* SceneDelegate.swift in Sources */ = {isa = PBXBuildFile; fileRef = 608CB67A2957BE870093B5F8 /* SceneDelegate.swift */; };
		608CB6802957BE880093B5F8 /* Main.storyboard in Resources */ = {isa = PBXBuildFile; fileRef = 608CB67E2957BE880093B5F8 /* Main.storyboard */; };
		608CB6822957BE880093B5F8 /* Assets.xcassets in Resources */ = {isa = PBXBuildFile; fileRef = 608CB6812957BE880093B5F8 /* Assets.xcassets */; };
		608CB6852957BE880093B5F8 /* LaunchScreen.storyboard in Resources */ = {isa = PBXBuildFile; fileRef = 608CB6832957BE880093B5F8 /* LaunchScreen.storyboard */; };
		608CB6902957BE890093B5F8 /* FitLifeTests.swift in Sources */ = {isa = PBXBuildFile; fileRef = 608CB68F2957BE890093B5F8 /* FitLifeTests.swift */; };
		608CB69A2957BE890093B5F8 /* FitLifeUITests.swift in Sources */ = {isa = PBXBuildFile; fileRef = 608CB6992957BE890093B5F8 /* FitLifeUITests.swift */; };
		608CB69C2957BE890093B5F8 /* FitLifeUITestsLaunchTests.swift in Sources */ = {isa = PBXBuildFile; fileRef = 608CB69B2957BE890093B5F8 /* FitLifeUITestsLaunchTests.swift */; };
		60B8B9782961FBFA005F396B /* CalorieCounterViewController.swift in Sources */ = {isa = PBXBuildFile; fileRef = 60B8B9772961FBFA005F396B /* CalorieCounterViewController.swift */; };
		60B8B97F2963205C005F396B /* CategoryTableViewCell.swift in Sources */ = {isa = PBXBuildFile; fileRef = 60B8B97E2963205C005F396B /* CategoryTableViewCell.swift */; };
		60B8B98429632149005F396B /* ViewController.swift in Sources */ = {isa = PBXBuildFile; fileRef = 60B8B98329632149005F396B /* ViewController.swift */; };
		60B8B98B296352AF005F396B /* CategoryTableViewController.swift in Sources */ = {isa = PBXBuildFile; fileRef = 60B8B97C29632024005F396B /* CategoryTableViewController.swift */; };
		60DD1FA0295DA392009E436F /* ItemListViewController.swift in Sources */ = {isa = PBXBuildFile; fileRef = 60DD1F9F295DA392009E436F /* ItemListViewController.swift */; };
/* End PBXBuildFile section */

/* Begin PBXContainerItemProxy section */
		608CB68C2957BE890093B5F8 /* PBXContainerItemProxy */ = {
			isa = PBXContainerItemProxy;
			containerPortal = 608CB66D2957BE870093B5F8 /* Project object */;
			proxyType = 1;
			remoteGlobalIDString = 608CB6742957BE870093B5F8;
			remoteInfo = FitLife;
		};
		608CB6962957BE890093B5F8 /* PBXContainerItemProxy */ = {
			isa = PBXContainerItemProxy;
			containerPortal = 608CB66D2957BE870093B5F8 /* Project object */;
			proxyType = 1;
			remoteGlobalIDString = 608CB6742957BE870093B5F8;
			remoteInfo = FitLife;
		};
/* End PBXContainerItemProxy section */

/* Begin PBXFileReference section */
		3F4527CD296C74B500AC5FBD /* AddCategoryViewController.swift */ = {isa = PBXFileReference; lastKnownFileType = sourcecode.swift; path = AddCategoryViewController.swift; sourceTree = "<group>"; };
		41780117296811D20042BB86 /* User.swift */ = {isa = PBXFileReference; lastKnownFileType = sourcecode.swift; path = User.swift; sourceTree = "<group>"; };
		41C43F9229646C8E00FBE6C6 /* UserSettingsViewController.swift */ = {isa = PBXFileReference; lastKnownFileType = sourcecode.swift; path = UserSettingsViewController.swift; sourceTree = "<group>"; };
		41C757F1295F3F67006285F3 /* CalorieCounterStoryboard.storyboard */ = {isa = PBXFileReference; lastKnownFileType = file.storyboard; path = CalorieCounterStoryboard.storyboard; sourceTree = "<group>"; };
		41C757F3295F567A006285F3 /* ViewItemStoryboard.storyboard */ = {isa = PBXFileReference; lastKnownFileType = file.storyboard; path = ViewItemStoryboard.storyboard; sourceTree = "<group>"; };
		60197078296489DB00D2F363 /* AddItemViewController.swift */ = {isa = PBXFileReference; lastKnownFileType = sourcecode.swift; path = AddItemViewController.swift; sourceTree = "<group>"; };
		603E450F295F5EF6007C548D /* ItemTableViewCell.swift */ = {isa = PBXFileReference; lastKnownFileType = sourcecode.swift; path = ItemTableViewCell.swift; sourceTree = "<group>"; };
		608115CF296AE9A900CFBFB2 /* ItemDetailViewController.swift */ = {isa = PBXFileReference; lastKnownFileType = sourcecode.swift; path = ItemDetailViewController.swift; sourceTree = "<group>"; };
		608CB6752957BE870093B5F8 /* FitLife.app */ = {isa = PBXFileReference; explicitFileType = wrapper.application; includeInIndex = 0; path = FitLife.app; sourceTree = BUILT_PRODUCTS_DIR; };
		608CB6782957BE870093B5F8 /* AppDelegate.swift */ = {isa = PBXFileReference; lastKnownFileType = sourcecode.swift; path = AppDelegate.swift; sourceTree = "<group>"; };
		608CB67A2957BE870093B5F8 /* SceneDelegate.swift */ = {isa = PBXFileReference; lastKnownFileType = sourcecode.swift; path = SceneDelegate.swift; sourceTree = "<group>"; };
		608CB67F2957BE880093B5F8 /* Base */ = {isa = PBXFileReference; lastKnownFileType = file.storyboard; name = Base; path = Base.lproj/Main.storyboard; sourceTree = "<group>"; };
		608CB6812957BE880093B5F8 /* Assets.xcassets */ = {isa = PBXFileReference; lastKnownFileType = folder.assetcatalog; path = Assets.xcassets; sourceTree = "<group>"; };
		608CB6842957BE880093B5F8 /* Base */ = {isa = PBXFileReference; lastKnownFileType = file.storyboard; name = Base; path = Base.lproj/LaunchScreen.storyboard; sourceTree = "<group>"; };
		608CB6862957BE880093B5F8 /* Info.plist */ = {isa = PBXFileReference; lastKnownFileType = text.plist.xml; path = Info.plist; sourceTree = "<group>"; };
		608CB68B2957BE890093B5F8 /* FitLifeTests.xctest */ = {isa = PBXFileReference; explicitFileType = wrapper.cfbundle; includeInIndex = 0; path = FitLifeTests.xctest; sourceTree = BUILT_PRODUCTS_DIR; };
		608CB68F2957BE890093B5F8 /* FitLifeTests.swift */ = {isa = PBXFileReference; lastKnownFileType = sourcecode.swift; path = FitLifeTests.swift; sourceTree = "<group>"; };
		608CB6952957BE890093B5F8 /* FitLifeUITests.xctest */ = {isa = PBXFileReference; explicitFileType = wrapper.cfbundle; includeInIndex = 0; path = FitLifeUITests.xctest; sourceTree = BUILT_PRODUCTS_DIR; };
		608CB6992957BE890093B5F8 /* FitLifeUITests.swift */ = {isa = PBXFileReference; lastKnownFileType = sourcecode.swift; path = FitLifeUITests.swift; sourceTree = "<group>"; };
		608CB69B2957BE890093B5F8 /* FitLifeUITestsLaunchTests.swift */ = {isa = PBXFileReference; lastKnownFileType = sourcecode.swift; path = FitLifeUITestsLaunchTests.swift; sourceTree = "<group>"; };
		60B8B9772961FBFA005F396B /* CalorieCounterViewController.swift */ = {isa = PBXFileReference; lastKnownFileType = sourcecode.swift; path = CalorieCounterViewController.swift; sourceTree = "<group>"; };
		60B8B97C29632024005F396B /* CategoryTableViewController.swift */ = {isa = PBXFileReference; lastKnownFileType = sourcecode.swift; name = CategoryTableViewController.swift; path = viewControllers/categoryView/CategoryTableViewController.swift; sourceTree = "<group>"; };
		60B8B97E2963205C005F396B /* CategoryTableViewCell.swift */ = {isa = PBXFileReference; lastKnownFileType = sourcecode.swift; name = CategoryTableViewCell.swift; path = viewControllers/categoryView/CategoryTableViewCell.swift; sourceTree = "<group>"; };
		60B8B98329632149005F396B /* ViewController.swift */ = {isa = PBXFileReference; lastKnownFileType = sourcecode.swift; path = ViewController.swift; sourceTree = "<group>"; };
		60DD1F9F295DA392009E436F /* ItemListViewController.swift */ = {isa = PBXFileReference; lastKnownFileType = sourcecode.swift; path = ItemListViewController.swift; sourceTree = "<group>"; };
/* End PBXFileReference section */

/* Begin PBXFrameworksBuildPhase section */
		608CB6722957BE870093B5F8 /* Frameworks */ = {
			isa = PBXFrameworksBuildPhase;
			buildActionMask = 2147483647;
			files = (
			);
			runOnlyForDeploymentPostprocessing = 0;
		};
		608CB6882957BE890093B5F8 /* Frameworks */ = {
			isa = PBXFrameworksBuildPhase;
			buildActionMask = 2147483647;
			files = (
			);
			runOnlyForDeploymentPostprocessing = 0;
		};
		608CB6922957BE890093B5F8 /* Frameworks */ = {
			isa = PBXFrameworksBuildPhase;
			buildActionMask = 2147483647;
			files = (
			);
			runOnlyForDeploymentPostprocessing = 0;
		};
/* End PBXFrameworksBuildPhase section */

/* Begin PBXGroup section */
		608CB66C2957BE870093B5F8 = {
			isa = PBXGroup;
			children = (
				608CB6772957BE870093B5F8 /* FitLife */,
				608CB68E2957BE890093B5F8 /* FitLifeTests */,
				608CB6982957BE890093B5F8 /* FitLifeUITests */,
				608CB6762957BE870093B5F8 /* Products */,
			);
			sourceTree = "<group>";
		};
		608CB6762957BE870093B5F8 /* Products */ = {
			isa = PBXGroup;
			children = (
				608CB6752957BE870093B5F8 /* FitLife.app */,
				608CB68B2957BE890093B5F8 /* FitLifeTests.xctest */,
				608CB6952957BE890093B5F8 /* FitLifeUITests.xctest */,
			);
			name = Products;
			sourceTree = "<group>";
		};
		608CB6772957BE870093B5F8 /* FitLife */ = {
			isa = PBXGroup;
			children = (
				608CB6782957BE870093B5F8 /* AppDelegate.swift */,
				608115CF296AE9A900CFBFB2 /* ItemDetailViewController.swift */,
				608CB67A2957BE870093B5F8 /* SceneDelegate.swift */,
				41C757F1295F3F67006285F3 /* CalorieCounterStoryboard.storyboard */,
				41C757F3295F567A006285F3 /* ViewItemStoryboard.storyboard */,
				608CB67E2957BE880093B5F8 /* Main.storyboard */,
				60197078296489DB00D2F363 /* AddItemViewController.swift */,
				41C43F9229646C8E00FBE6C6 /* UserSettingsViewController.swift */,
				41780117296811D20042BB86 /* User.swift */,
				608CB6832957BE880093B5F8 /* LaunchScreen.storyboard */,
				603E450F295F5EF6007C548D /* ItemTableViewCell.swift */,
				60DD1F9F295DA392009E436F /* ItemListViewController.swift */,
				3F4527CD296C74B500AC5FBD /* AddCategoryViewController.swift */,
				60B8B97C29632024005F396B /* CategoryTableViewController.swift */,
				60B8B97E2963205C005F396B /* CategoryTableViewCell.swift */,
				60B8B98329632149005F396B /* ViewController.swift */,
				60B8B97A29631FEB005F396B /* viewControllers */,
				60B8B97929631FBE005F396B /* Storyboards */,
				608CB6812957BE880093B5F8 /* Assets.xcassets */,
				608CB6862957BE880093B5F8 /* Info.plist */,
			);
			path = FitLife;
			sourceTree = "<group>";
		};
		608CB68E2957BE890093B5F8 /* FitLifeTests */ = {
			isa = PBXGroup;
			children = (
				608CB68F2957BE890093B5F8 /* FitLifeTests.swift */,
			);
			path = FitLifeTests;
			sourceTree = "<group>";
		};
		608CB6982957BE890093B5F8 /* FitLifeUITests */ = {
			isa = PBXGroup;
			children = (
				608CB6992957BE890093B5F8 /* FitLifeUITests.swift */,
				608CB69B2957BE890093B5F8 /* FitLifeUITestsLaunchTests.swift */,
			);
			path = FitLifeUITests;
			sourceTree = "<group>";
		};
		60B8B97929631FBE005F396B /* Storyboards */ = {
			isa = PBXGroup;
			children = (
			);
			path = Storyboards;
			sourceTree = "<group>";
		};
		60B8B97A29631FEB005F396B /* viewControllers */ = {
			isa = PBXGroup;
			children = (
				60B8B98029632082005F396B /* categoryView */,
				60B8B97D2963204E005F396B /* itemView */,
				60B8B9772961FBFA005F396B /* CalorieCounterViewController.swift */,
			);
			path = viewControllers;
			sourceTree = "<group>";
		};
		60B8B97D2963204E005F396B /* itemView */ = {
			isa = PBXGroup;
			children = (
			);
			path = itemView;
			sourceTree = "<group>";
		};
		60B8B98029632082005F396B /* categoryView */ = {
			isa = PBXGroup;
			children = (
			);
			path = categoryView;
			sourceTree = "<group>";
		};
/* End PBXGroup section */

/* Begin PBXNativeTarget section */
		608CB6742957BE870093B5F8 /* FitLife */ = {
			isa = PBXNativeTarget;
			buildConfigurationList = 608CB69F2957BE890093B5F8 /* Build configuration list for PBXNativeTarget "FitLife" */;
			buildPhases = (
				608CB6712957BE870093B5F8 /* Sources */,
				608CB6722957BE870093B5F8 /* Frameworks */,
				608CB6732957BE870093B5F8 /* Resources */,
			);
			buildRules = (
			);
			dependencies = (
			);
			name = FitLife;
			productName = FitLife;
			productReference = 608CB6752957BE870093B5F8 /* FitLife.app */;
			productType = "com.apple.product-type.application";
		};
		608CB68A2957BE890093B5F8 /* FitLifeTests */ = {
			isa = PBXNativeTarget;
			buildConfigurationList = 608CB6A22957BE890093B5F8 /* Build configuration list for PBXNativeTarget "FitLifeTests" */;
			buildPhases = (
				608CB6872957BE890093B5F8 /* Sources */,
				608CB6882957BE890093B5F8 /* Frameworks */,
				608CB6892957BE890093B5F8 /* Resources */,
			);
			buildRules = (
			);
			dependencies = (
				608CB68D2957BE890093B5F8 /* PBXTargetDependency */,
			);
			name = FitLifeTests;
			productName = FitLifeTests;
			productReference = 608CB68B2957BE890093B5F8 /* FitLifeTests.xctest */;
			productType = "com.apple.product-type.bundle.unit-test";
		};
		608CB6942957BE890093B5F8 /* FitLifeUITests */ = {
			isa = PBXNativeTarget;
			buildConfigurationList = 608CB6A52957BE890093B5F8 /* Build configuration list for PBXNativeTarget "FitLifeUITests" */;
			buildPhases = (
				608CB6912957BE890093B5F8 /* Sources */,
				608CB6922957BE890093B5F8 /* Frameworks */,
				608CB6932957BE890093B5F8 /* Resources */,
			);
			buildRules = (
			);
			dependencies = (
				608CB6972957BE890093B5F8 /* PBXTargetDependency */,
			);
			name = FitLifeUITests;
			productName = FitLifeUITests;
			productReference = 608CB6952957BE890093B5F8 /* FitLifeUITests.xctest */;
			productType = "com.apple.product-type.bundle.ui-testing";
		};
/* End PBXNativeTarget section */

/* Begin PBXProject section */
		608CB66D2957BE870093B5F8 /* Project object */ = {
			isa = PBXProject;
			attributes = {
				BuildIndependentTargetsInParallel = 1;
				LastSwiftUpdateCheck = 1410;
				LastUpgradeCheck = 1410;
				TargetAttributes = {
					608CB6742957BE870093B5F8 = {
						CreatedOnToolsVersion = 14.1;
					};
					608CB68A2957BE890093B5F8 = {
						CreatedOnToolsVersion = 14.1;
						TestTargetID = 608CB6742957BE870093B5F8;
					};
					608CB6942957BE890093B5F8 = {
						CreatedOnToolsVersion = 14.1;
						TestTargetID = 608CB6742957BE870093B5F8;
					};
				};
			};
			buildConfigurationList = 608CB6702957BE870093B5F8 /* Build configuration list for PBXProject "FitLife" */;
			compatibilityVersion = "Xcode 13.0";
			developmentRegion = en;
			hasScannedForEncodings = 0;
			knownRegions = (
				en,
				Base,
			);
			mainGroup = 608CB66C2957BE870093B5F8;
			productRefGroup = 608CB6762957BE870093B5F8 /* Products */;
			projectDirPath = "";
			projectRoot = "";
			targets = (
				608CB6742957BE870093B5F8 /* FitLife */,
				608CB68A2957BE890093B5F8 /* FitLifeTests */,
				608CB6942957BE890093B5F8 /* FitLifeUITests */,
			);
		};
/* End PBXProject section */

/* Begin PBXResourcesBuildPhase section */
		608CB6732957BE870093B5F8 /* Resources */ = {
			isa = PBXResourcesBuildPhase;
			buildActionMask = 2147483647;
			files = (
				608CB6852957BE880093B5F8 /* LaunchScreen.storyboard in Resources */,
				608CB6822957BE880093B5F8 /* Assets.xcassets in Resources */,
				41C757F4295F567A006285F3 /* ViewItemStoryboard.storyboard in Resources */,
				608CB6802957BE880093B5F8 /* Main.storyboard in Resources */,
				41C757F2295F3F67006285F3 /* CalorieCounterStoryboard.storyboard in Resources */,
			);
			runOnlyForDeploymentPostprocessing = 0;
		};
		608CB6892957BE890093B5F8 /* Resources */ = {
			isa = PBXResourcesBuildPhase;
			buildActionMask = 2147483647;
			files = (
			);
			runOnlyForDeploymentPostprocessing = 0;
		};
		608CB6932957BE890093B5F8 /* Resources */ = {
			isa = PBXResourcesBuildPhase;
			buildActionMask = 2147483647;
			files = (
			);
			runOnlyForDeploymentPostprocessing = 0;
		};
/* End PBXResourcesBuildPhase section */

/* Begin PBXSourcesBuildPhase section */
		608CB6712957BE870093B5F8 /* Sources */ = {
			isa = PBXSourcesBuildPhase;
			buildActionMask = 2147483647;
			files = (
				60DD1FA0295DA392009E436F /* ItemListViewController.swift in Sources */,
				608CB6792957BE870093B5F8 /* AppDelegate.swift in Sources */,
				608115D0296AE9A900CFBFB2 /* ItemDetailViewController.swift in Sources */,
				608CB67B2957BE870093B5F8 /* SceneDelegate.swift in Sources */,
				60B8B98429632149005F396B /* ViewController.swift in Sources */,
				603E4510295F5EF6007C548D /* ItemTableViewCell.swift in Sources */,
				3F4527CE296C74B500AC5FBD /* AddCategoryViewController.swift in Sources */,
				60B8B98B296352AF005F396B /* CategoryTableViewController.swift in Sources */,
				41C43F9329646C8E00FBE6C6 /* UserSettingsViewController.swift in Sources */,
				60B8B9782961FBFA005F396B /* CalorieCounterViewController.swift in Sources */,
				60B8B97F2963205C005F396B /* CategoryTableViewCell.swift in Sources */,
				60197079296489DB00D2F363 /* AddItemViewController.swift in Sources */,
				41780118296811D20042BB86 /* User.swift in Sources */,
			);
			runOnlyForDeploymentPostprocessing = 0;
		};
		608CB6872957BE890093B5F8 /* Sources */ = {
			isa = PBXSourcesBuildPhase;
			buildActionMask = 2147483647;
			files = (
				608CB6902957BE890093B5F8 /* FitLifeTests.swift in Sources */,
			);
			runOnlyForDeploymentPostprocessing = 0;
		};
		608CB6912957BE890093B5F8 /* Sources */ = {
			isa = PBXSourcesBuildPhase;
			buildActionMask = 2147483647;
			files = (
				608CB69C2957BE890093B5F8 /* FitLifeUITestsLaunchTests.swift in Sources */,
				608CB69A2957BE890093B5F8 /* FitLifeUITests.swift in Sources */,
			);
			runOnlyForDeploymentPostprocessing = 0;
		};
/* End PBXSourcesBuildPhase section */

/* Begin PBXTargetDependency section */
		608CB68D2957BE890093B5F8 /* PBXTargetDependency */ = {
			isa = PBXTargetDependency;
			target = 608CB6742957BE870093B5F8 /* FitLife */;
			targetProxy = 608CB68C2957BE890093B5F8 /* PBXContainerItemProxy */;
		};
		608CB6972957BE890093B5F8 /* PBXTargetDependency */ = {
			isa = PBXTargetDependency;
			target = 608CB6742957BE870093B5F8 /* FitLife */;
			targetProxy = 608CB6962957BE890093B5F8 /* PBXContainerItemProxy */;
		};
/* End PBXTargetDependency section */

/* Begin PBXVariantGroup section */
		608CB67E2957BE880093B5F8 /* Main.storyboard */ = {
			isa = PBXVariantGroup;
			children = (
				608CB67F2957BE880093B5F8 /* Base */,
			);
			name = Main.storyboard;
			sourceTree = "<group>";
		};
		608CB6832957BE880093B5F8 /* LaunchScreen.storyboard */ = {
			isa = PBXVariantGroup;
			children = (
				608CB6842957BE880093B5F8 /* Base */,
			);
			name = LaunchScreen.storyboard;
			sourceTree = "<group>";
		};
/* End PBXVariantGroup section */

/* Begin XCBuildConfiguration section */
		608CB69D2957BE890093B5F8 /* Debug */ = {
			isa = XCBuildConfiguration;
			buildSettings = {
				ALWAYS_SEARCH_USER_PATHS = NO;
				CLANG_ANALYZER_NONNULL = YES;
				CLANG_ANALYZER_NUMBER_OBJECT_CONVERSION = YES_AGGRESSIVE;
				CLANG_CXX_LANGUAGE_STANDARD = "gnu++20";
				CLANG_ENABLE_MODULES = YES;
				CLANG_ENABLE_OBJC_ARC = YES;
				CLANG_ENABLE_OBJC_WEAK = YES;
				CLANG_WARN_BLOCK_CAPTURE_AUTORELEASING = YES;
				CLANG_WARN_BOOL_CONVERSION = YES;
				CLANG_WARN_COMMA = YES;
				CLANG_WARN_CONSTANT_CONVERSION = YES;
				CLANG_WARN_DEPRECATED_OBJC_IMPLEMENTATIONS = YES;
				CLANG_WARN_DIRECT_OBJC_ISA_USAGE = YES_ERROR;
				CLANG_WARN_DOCUMENTATION_COMMENTS = YES;
				CLANG_WARN_EMPTY_BODY = YES;
				CLANG_WARN_ENUM_CONVERSION = YES;
				CLANG_WARN_INFINITE_RECURSION = YES;
				CLANG_WARN_INT_CONVERSION = YES;
				CLANG_WARN_NON_LITERAL_NULL_CONVERSION = YES;
				CLANG_WARN_OBJC_IMPLICIT_RETAIN_SELF = YES;
				CLANG_WARN_OBJC_LITERAL_CONVERSION = YES;
				CLANG_WARN_OBJC_ROOT_CLASS = YES_ERROR;
				CLANG_WARN_QUOTED_INCLUDE_IN_FRAMEWORK_HEADER = YES;
				CLANG_WARN_RANGE_LOOP_ANALYSIS = YES;
				CLANG_WARN_STRICT_PROTOTYPES = YES;
				CLANG_WARN_SUSPICIOUS_MOVE = YES;
				CLANG_WARN_UNGUARDED_AVAILABILITY = YES_AGGRESSIVE;
				CLANG_WARN_UNREACHABLE_CODE = YES;
				CLANG_WARN__DUPLICATE_METHOD_MATCH = YES;
				COPY_PHASE_STRIP = NO;
				DEBUG_INFORMATION_FORMAT = dwarf;
				ENABLE_STRICT_OBJC_MSGSEND = YES;
				ENABLE_TESTABILITY = YES;
				GCC_C_LANGUAGE_STANDARD = gnu11;
				GCC_DYNAMIC_NO_PIC = NO;
				GCC_NO_COMMON_BLOCKS = YES;
				GCC_OPTIMIZATION_LEVEL = 0;
				GCC_PREPROCESSOR_DEFINITIONS = (
					"DEBUG=1",
					"$(inherited)",
				);
				GCC_WARN_64_TO_32_BIT_CONVERSION = YES;
				GCC_WARN_ABOUT_RETURN_TYPE = YES_ERROR;
				GCC_WARN_UNDECLARED_SELECTOR = YES;
				GCC_WARN_UNINITIALIZED_AUTOS = YES_AGGRESSIVE;
				GCC_WARN_UNUSED_FUNCTION = YES;
				GCC_WARN_UNUSED_VARIABLE = YES;
				IPHONEOS_DEPLOYMENT_TARGET = 15.0;
				MTL_ENABLE_DEBUG_INFO = INCLUDE_SOURCE;
				MTL_FAST_MATH = YES;
				ONLY_ACTIVE_ARCH = YES;
				SDKROOT = iphoneos;
				SWIFT_ACTIVE_COMPILATION_CONDITIONS = DEBUG;
				SWIFT_OPTIMIZATION_LEVEL = "-Onone";
			};
			name = Debug;
		};
		608CB69E2957BE890093B5F8 /* Release */ = {
			isa = XCBuildConfiguration;
			buildSettings = {
				ALWAYS_SEARCH_USER_PATHS = NO;
				CLANG_ANALYZER_NONNULL = YES;
				CLANG_ANALYZER_NUMBER_OBJECT_CONVERSION = YES_AGGRESSIVE;
				CLANG_CXX_LANGUAGE_STANDARD = "gnu++20";
				CLANG_ENABLE_MODULES = YES;
				CLANG_ENABLE_OBJC_ARC = YES;
				CLANG_ENABLE_OBJC_WEAK = YES;
				CLANG_WARN_BLOCK_CAPTURE_AUTORELEASING = YES;
				CLANG_WARN_BOOL_CONVERSION = YES;
				CLANG_WARN_COMMA = YES;
				CLANG_WARN_CONSTANT_CONVERSION = YES;
				CLANG_WARN_DEPRECATED_OBJC_IMPLEMENTATIONS = YES;
				CLANG_WARN_DIRECT_OBJC_ISA_USAGE = YES_ERROR;
				CLANG_WARN_DOCUMENTATION_COMMENTS = YES;
				CLANG_WARN_EMPTY_BODY = YES;
				CLANG_WARN_ENUM_CONVERSION = YES;
				CLANG_WARN_INFINITE_RECURSION = YES;
				CLANG_WARN_INT_CONVERSION = YES;
				CLANG_WARN_NON_LITERAL_NULL_CONVERSION = YES;
				CLANG_WARN_OBJC_IMPLICIT_RETAIN_SELF = YES;
				CLANG_WARN_OBJC_LITERAL_CONVERSION = YES;
				CLANG_WARN_OBJC_ROOT_CLASS = YES_ERROR;
				CLANG_WARN_QUOTED_INCLUDE_IN_FRAMEWORK_HEADER = YES;
				CLANG_WARN_RANGE_LOOP_ANALYSIS = YES;
				CLANG_WARN_STRICT_PROTOTYPES = YES;
				CLANG_WARN_SUSPICIOUS_MOVE = YES;
				CLANG_WARN_UNGUARDED_AVAILABILITY = YES_AGGRESSIVE;
				CLANG_WARN_UNREACHABLE_CODE = YES;
				CLANG_WARN__DUPLICATE_METHOD_MATCH = YES;
				COPY_PHASE_STRIP = NO;
				DEBUG_INFORMATION_FORMAT = "dwarf-with-dsym";
				ENABLE_NS_ASSERTIONS = NO;
				ENABLE_STRICT_OBJC_MSGSEND = YES;
				GCC_C_LANGUAGE_STANDARD = gnu11;
				GCC_NO_COMMON_BLOCKS = YES;
				GCC_WARN_64_TO_32_BIT_CONVERSION = YES;
				GCC_WARN_ABOUT_RETURN_TYPE = YES_ERROR;
				GCC_WARN_UNDECLARED_SELECTOR = YES;
				GCC_WARN_UNINITIALIZED_AUTOS = YES_AGGRESSIVE;
				GCC_WARN_UNUSED_FUNCTION = YES;
				GCC_WARN_UNUSED_VARIABLE = YES;
				IPHONEOS_DEPLOYMENT_TARGET = 15.0;
				MTL_ENABLE_DEBUG_INFO = NO;
				MTL_FAST_MATH = YES;
				SDKROOT = iphoneos;
				SWIFT_COMPILATION_MODE = wholemodule;
				SWIFT_OPTIMIZATION_LEVEL = "-O";
				VALIDATE_PRODUCT = YES;
			};
			name = Release;
		};
		608CB6A02957BE890093B5F8 /* Debug */ = {
			isa = XCBuildConfiguration;
			buildSettings = {
				ASSETCATALOG_COMPILER_APPICON_NAME = AppIcon;
				ASSETCATALOG_COMPILER_GLOBAL_ACCENT_COLOR_NAME = AccentColor;
				CODE_SIGN_STYLE = Automatic;
				CURRENT_PROJECT_VERSION = 1;
				DEVELOPMENT_TEAM = S744F8THBQ;
				GENERATE_INFOPLIST_FILE = YES;
				INFOPLIST_FILE = FitLife/Info.plist;
				INFOPLIST_KEY_UIApplicationSupportsIndirectInputEvents = YES;
				INFOPLIST_KEY_UILaunchStoryboardName = LaunchScreen;
				INFOPLIST_KEY_UIMainStoryboardFile = Main;
				INFOPLIST_KEY_UISupportedInterfaceOrientations_iPad = "UIInterfaceOrientationPortrait UIInterfaceOrientationPortraitUpsideDown UIInterfaceOrientationLandscapeLeft UIInterfaceOrientationLandscapeRight";
				INFOPLIST_KEY_UISupportedInterfaceOrientations_iPhone = "UIInterfaceOrientationPortrait UIInterfaceOrientationLandscapeLeft UIInterfaceOrientationLandscapeRight";
				IPHONEOS_DEPLOYMENT_TARGET = 15.0;
				LD_RUNPATH_SEARCH_PATHS = (
					"$(inherited)",
					"@executable_path/Frameworks",
				);
				MARKETING_VERSION = 1.0;
				PRODUCT_BUNDLE_IDENTIFIER = bh.polytechnic.FitLife;
				PRODUCT_NAME = "$(TARGET_NAME)";
				SWIFT_EMIT_LOC_STRINGS = YES;
				SWIFT_VERSION = 5.0;
				TARGETED_DEVICE_FAMILY = "1,2";
			};
			name = Debug;
		};
		608CB6A12957BE890093B5F8 /* Release */ = {
			isa = XCBuildConfiguration;
			buildSettings = {
				ASSETCATALOG_COMPILER_APPICON_NAME = AppIcon;
				ASSETCATALOG_COMPILER_GLOBAL_ACCENT_COLOR_NAME = AccentColor;
				CODE_SIGN_STYLE = Automatic;
				CURRENT_PROJECT_VERSION = 1;
				DEVELOPMENT_TEAM = S744F8THBQ;
				GENERATE_INFOPLIST_FILE = YES;
				INFOPLIST_FILE = FitLife/Info.plist;
				INFOPLIST_KEY_UIApplicationSupportsIndirectInputEvents = YES;
				INFOPLIST_KEY_UILaunchStoryboardName = LaunchScreen;
				INFOPLIST_KEY_UIMainStoryboardFile = Main;
				INFOPLIST_KEY_UISupportedInterfaceOrientations_iPad = "UIInterfaceOrientationPortrait UIInterfaceOrientationPortraitUpsideDown UIInterfaceOrientationLandscapeLeft UIInterfaceOrientationLandscapeRight";
				INFOPLIST_KEY_UISupportedInterfaceOrientations_iPhone = "UIInterfaceOrientationPortrait UIInterfaceOrientationLandscapeLeft UIInterfaceOrientationLandscapeRight";
				IPHONEOS_DEPLOYMENT_TARGET = 15.0;
				LD_RUNPATH_SEARCH_PATHS = (
					"$(inherited)",
					"@executable_path/Frameworks",
				);
				MARKETING_VERSION = 1.0;
				PRODUCT_BUNDLE_IDENTIFIER = bh.polytechnic.FitLife;
				PRODUCT_NAME = "$(TARGET_NAME)";
				SWIFT_EMIT_LOC_STRINGS = YES;
				SWIFT_VERSION = 5.0;
				TARGETED_DEVICE_FAMILY = "1,2";
			};
			name = Release;
		};
		608CB6A32957BE890093B5F8 /* Debug */ = {
			isa = XCBuildConfiguration;
			buildSettings = {
				ALWAYS_EMBED_SWIFT_STANDARD_LIBRARIES = YES;
				BUNDLE_LOADER = "$(TEST_HOST)";
				CODE_SIGN_STYLE = Automatic;
				CURRENT_PROJECT_VERSION = 1;
				DEVELOPMENT_TEAM = S744F8THBQ;
				GENERATE_INFOPLIST_FILE = YES;
				IPHONEOS_DEPLOYMENT_TARGET = 16.1;
				MARKETING_VERSION = 1.0;
				PRODUCT_BUNDLE_IDENTIFIER = bh.polytechnic.FitLifeTests;
				PRODUCT_NAME = "$(TARGET_NAME)";
				SWIFT_EMIT_LOC_STRINGS = NO;
				SWIFT_VERSION = 5.0;
				TARGETED_DEVICE_FAMILY = "1,2";
				TEST_HOST = "$(BUILT_PRODUCTS_DIR)/FitLife.app/$(BUNDLE_EXECUTABLE_FOLDER_PATH)/FitLife";
			};
			name = Debug;
		};
		608CB6A42957BE890093B5F8 /* Release */ = {
			isa = XCBuildConfiguration;
			buildSettings = {
				ALWAYS_EMBED_SWIFT_STANDARD_LIBRARIES = YES;
				BUNDLE_LOADER = "$(TEST_HOST)";
				CODE_SIGN_STYLE = Automatic;
				CURRENT_PROJECT_VERSION = 1;
				DEVELOPMENT_TEAM = S744F8THBQ;
				GENERATE_INFOPLIST_FILE = YES;
				IPHONEOS_DEPLOYMENT_TARGET = 16.1;
				MARKETING_VERSION = 1.0;
				PRODUCT_BUNDLE_IDENTIFIER = bh.polytechnic.FitLifeTests;
				PRODUCT_NAME = "$(TARGET_NAME)";
				SWIFT_EMIT_LOC_STRINGS = NO;
				SWIFT_VERSION = 5.0;
				TARGETED_DEVICE_FAMILY = "1,2";
				TEST_HOST = "$(BUILT_PRODUCTS_DIR)/FitLife.app/$(BUNDLE_EXECUTABLE_FOLDER_PATH)/FitLife";
			};
			name = Release;
		};
		608CB6A62957BE890093B5F8 /* Debug */ = {
			isa = XCBuildConfiguration;
			buildSettings = {
				ALWAYS_EMBED_SWIFT_STANDARD_LIBRARIES = YES;
				CODE_SIGN_STYLE = Automatic;
				CURRENT_PROJECT_VERSION = 1;
				DEVELOPMENT_TEAM = S744F8THBQ;
				GENERATE_INFOPLIST_FILE = YES;
				MARKETING_VERSION = 1.0;
				PRODUCT_BUNDLE_IDENTIFIER = bh.polytechnic.FitLifeUITests;
				PRODUCT_NAME = "$(TARGET_NAME)";
				SWIFT_EMIT_LOC_STRINGS = NO;
				SWIFT_VERSION = 5.0;
				TARGETED_DEVICE_FAMILY = "1,2";
				TEST_TARGET_NAME = FitLife;
			};
			name = Debug;
		};
		608CB6A72957BE890093B5F8 /* Release */ = {
			isa = XCBuildConfiguration;
			buildSettings = {
				ALWAYS_EMBED_SWIFT_STANDARD_LIBRARIES = YES;
				CODE_SIGN_STYLE = Automatic;
				CURRENT_PROJECT_VERSION = 1;
				DEVELOPMENT_TEAM = S744F8THBQ;
				GENERATE_INFOPLIST_FILE = YES;
				MARKETING_VERSION = 1.0;
				PRODUCT_BUNDLE_IDENTIFIER = bh.polytechnic.FitLifeUITests;
				PRODUCT_NAME = "$(TARGET_NAME)";
				SWIFT_EMIT_LOC_STRINGS = NO;
				SWIFT_VERSION = 5.0;
				TARGETED_DEVICE_FAMILY = "1,2";
				TEST_TARGET_NAME = FitLife;
			};
			name = Release;
		};
/* End XCBuildConfiguration section */

/* Begin XCConfigurationList section */
		608CB6702957BE870093B5F8 /* Build configuration list for PBXProject "FitLife" */ = {
			isa = XCConfigurationList;
			buildConfigurations = (
				608CB69D2957BE890093B5F8 /* Debug */,
				608CB69E2957BE890093B5F8 /* Release */,
			);
			defaultConfigurationIsVisible = 0;
			defaultConfigurationName = Release;
		};
		608CB69F2957BE890093B5F8 /* Build configuration list for PBXNativeTarget "FitLife" */ = {
			isa = XCConfigurationList;
			buildConfigurations = (
				608CB6A02957BE890093B5F8 /* Debug */,
				608CB6A12957BE890093B5F8 /* Release */,
			);
			defaultConfigurationIsVisible = 0;
			defaultConfigurationName = Release;
		};
		608CB6A22957BE890093B5F8 /* Build configuration list for PBXNativeTarget "FitLifeTests" */ = {
			isa = XCConfigurationList;
			buildConfigurations = (
				608CB6A32957BE890093B5F8 /* Debug */,
				608CB6A42957BE890093B5F8 /* Release */,
			);
			defaultConfigurationIsVisible = 0;
			defaultConfigurationName = Release;
		};
		608CB6A52957BE890093B5F8 /* Build configuration list for PBXNativeTarget "FitLifeUITests" */ = {
			isa = XCConfigurationList;
			buildConfigurations = (
				608CB6A62957BE890093B5F8 /* Debug */,
				608CB6A72957BE890093B5F8 /* Release */,
			);
			defaultConfigurationIsVisible = 0;
			defaultConfigurationName = Release;
		};
/* End XCConfigurationList section */
	};
	rootObject = 608CB66D2957BE870093B5F8 /* Project object */;
}
